
Microsoft Visual Studio Solution File, Format Version 12.00
# Visual Studio Version 17
VisualStudioVersion = 17.7.34024.191
MinimumVisualStudioVersion = 10.0.40219.1
Project("{FAE04EC0-301F-11D3-BF4B-00C04F79EFBC}") = "calculatrice_arbnor_22_09_2023", "calculatrice_arbnor_22_09_2023\calculatrice_arbnor_22_09_2023.csproj", "{864D22BA-176F-4358-8A37-0E36250E1906}"
EndProject
Global
	GlobalSection(SolutionConfigurationPlatforms) = preSolution
		Debug|Any CPU = Debug|Any CPU
		Release|Any CPU = Release|Any CPU
	EndGlobalSection
	GlobalSection(ProjectConfigurationPlatforms) = postSolution
		{864D22BA-176F-4358-8A37-0E36250E1906}.Debug|Any CPU.ActiveCfg = Debug|Any CPU
		{864D22BA-176F-4358-8A37-0E36250E1906}.Debug|Any CPU.Build.0 = Debug|Any CPU
		{864D22BA-176F-4358-8A37-0E36250E1906}.Release|Any CPU.ActiveCfg = Release|Any CPU
		{864D22BA-176F-4358-8A37-0E36250E1906}.Release|Any CPU.Build.0 = Release|Any CPU
	EndGlobalSection
	GlobalSection(SolutionProperties) = preSolution
		HideSolutionNode = FALSE
	EndGlobalSection
	GlobalSection(ExtensibilityGlobals) = postSolution
		SolutionGuid = {F9DE467C-D919-4442-AA51-55B35AC1EC7C}
	EndGlobalSection
EndGlobal
